
Microsoft Visual Studio Solution File, Format Version 12.00
# Visual Studio Version 17
VisualStudioVersion = 17.0.31903.59
MinimumVisualStudioVersion = 10.0.40219.1
Project("{2150E333-8FDC-42A3-9474-1A3956D46DE8}") = "Api", "Api", "{0D6CA005-CE70-4CE8-9042-8A1CB86D9F7C}"
EndProject
Project("{FAE04EC0-301F-11D3-BF4B-00C04F79EFBC}") = "UrlShortener.Api", "Api\src\UrlShortener.Api\UrlShortener.Api.csproj", "{8C8F1EE7-8078-4F5F-8586-ECFA22841C4C}"
EndProject
Project("{2150E333-8FDC-42A3-9474-1A3956D46DE8}") = "src", "src", "{D19D1803-F758-441F-B3DB-C61FEA09C3FF}"
EndProject
Project("{2150E333-8FDC-42A3-9474-1A3956D46DE8}") = "tests", "tests", "{D80686DD-EEED-40EC-A2FB-B7459B71C198}"
EndProject
Project("{FAE04EC0-301F-11D3-BF4B-00C04F79EFBC}") = "UrlShortener.Api.Core.Tests", "UrlShortener.Api.Core.Tests\UrlShortener.Api.Core.Tests.csproj", "{49470BEB-FDF9-4024-8577-B3A8A12FBA0F}"
EndProject
Project("{FAE04EC0-301F-11D3-BF4B-00C04F79EFBC}") = "UrlShortener.Core", "Api\src\UrlShortener.Core\UrlShortener.Core.csproj", "{EFFEE363-1A72-4123-BB19-8F0836EC64AC}"
EndProject
Project("{FAE04EC0-301F-11D3-BF4B-00C04F79EFBC}") = "UrlShortener.Tests", "Api\tests\UrlShortener.Tests\UrlShortener.Tests.csproj", "{027693B3-D6A2-44E5-90C3-0FFE87545B0A}"
EndProject
Project("{FAE04EC0-301F-11D3-BF4B-00C04F79EFBC}") = "UrlShortener.Infrastructure", "Api\src\UrlShortener.Infrastructure\UrlShortener.Infrastructure.csproj", "{A2B15F28-53AB-4F27-A84A-C3B74097864E}"
EndProject
Global
	GlobalSection(SolutionConfigurationPlatforms) = preSolution
		Debug|Any CPU = Debug|Any CPU
		Release|Any CPU = Release|Any CPU
	EndGlobalSection
	GlobalSection(SolutionProperties) = preSolution
		HideSolutionNode = FALSE
	EndGlobalSection
	GlobalSection(ProjectConfigurationPlatforms) = postSolution
		{8C8F1EE7-8078-4F5F-8586-ECFA22841C4C}.Debug|Any CPU.ActiveCfg = Debug|Any CPU
		{8C8F1EE7-8078-4F5F-8586-ECFA22841C4C}.Debug|Any CPU.Build.0 = Debug|Any CPU
		{8C8F1EE7-8078-4F5F-8586-ECFA22841C4C}.Release|Any CPU.ActiveCfg = Release|Any CPU
		{8C8F1EE7-8078-4F5F-8586-ECFA22841C4C}.Release|Any CPU.Build.0 = Release|Any CPU
		{49470BEB-FDF9-4024-8577-B3A8A12FBA0F}.Debug|Any CPU.ActiveCfg = Debug|Any CPU
		{49470BEB-FDF9-4024-8577-B3A8A12FBA0F}.Debug|Any CPU.Build.0 = Debug|Any CPU
		{49470BEB-FDF9-4024-8577-B3A8A12FBA0F}.Release|Any CPU.ActiveCfg = Release|Any CPU
		{49470BEB-FDF9-4024-8577-B3A8A12FBA0F}.Release|Any CPU.Build.0 = Release|Any CPU
		{EFFEE363-1A72-4123-BB19-8F0836EC64AC}.Debug|Any CPU.ActiveCfg = Debug|Any CPU
		{EFFEE363-1A72-4123-BB19-8F0836EC64AC}.Debug|Any CPU.Build.0 = Debug|Any CPU
		{EFFEE363-1A72-4123-BB19-8F0836EC64AC}.Release|Any CPU.ActiveCfg = Release|Any CPU
		{EFFEE363-1A72-4123-BB19-8F0836EC64AC}.Release|Any CPU.Build.0 = Release|Any CPU
		{027693B3-D6A2-44E5-90C3-0FFE87545B0A}.Debug|Any CPU.ActiveCfg = Debug|Any CPU
		{027693B3-D6A2-44E5-90C3-0FFE87545B0A}.Debug|Any CPU.Build.0 = Debug|Any CPU
		{027693B3-D6A2-44E5-90C3-0FFE87545B0A}.Release|Any CPU.ActiveCfg = Release|Any CPU
		{027693B3-D6A2-44E5-90C3-0FFE87545B0A}.Release|Any CPU.Build.0 = Release|Any CPU
		{A2B15F28-53AB-4F27-A84A-C3B74097864E}.Debug|Any CPU.ActiveCfg = Debug|Any CPU
		{A2B15F28-53AB-4F27-A84A-C3B74097864E}.Debug|Any CPU.Build.0 = Debug|Any CPU
		{A2B15F28-53AB-4F27-A84A-C3B74097864E}.Release|Any CPU.ActiveCfg = Release|Any CPU
		{A2B15F28-53AB-4F27-A84A-C3B74097864E}.Release|Any CPU.Build.0 = Release|Any CPU
	EndGlobalSection
	GlobalSection(NestedProjects) = preSolution
		{D19D1803-F758-441F-B3DB-C61FEA09C3FF} = {0D6CA005-CE70-4CE8-9042-8A1CB86D9F7C}
		{8C8F1EE7-8078-4F5F-8586-ECFA22841C4C} = {D19D1803-F758-441F-B3DB-C61FEA09C3FF}
		{D80686DD-EEED-40EC-A2FB-B7459B71C198} = {0D6CA005-CE70-4CE8-9042-8A1CB86D9F7C}
		{49470BEB-FDF9-4024-8577-B3A8A12FBA0F} = {D80686DD-EEED-40EC-A2FB-B7459B71C198}
		{EFFEE363-1A72-4123-BB19-8F0836EC64AC} = {D19D1803-F758-441F-B3DB-C61FEA09C3FF}
		{027693B3-D6A2-44E5-90C3-0FFE87545B0A} = {D80686DD-EEED-40EC-A2FB-B7459B71C198}
		{A2B15F28-53AB-4F27-A84A-C3B74097864E} = {D19D1803-F758-441F-B3DB-C61FEA09C3FF}
	EndGlobalSection
EndGlobal
