
Microsoft Visual Studio Solution File, Format Version 12.00
# Visual Studio Version 17
VisualStudioVersion = 17.0.31903.59
MinimumVisualStudioVersion = 10.0.40219.1
Project("{FAE04EC0-301F-11D3-BF4B-00C04F79EFBC}") = "UrlShortener.Api", "UrlShortener.Api\UrlShortener.Api.csproj", "{A697B110-B586-4FA7-834D-5FB0A84187E4}"
EndProject
Global
	GlobalSection(SolutionConfigurationPlatforms) = preSolution
		Debug|Any CPU = Debug|Any CPU
		Release|Any CPU = Release|Any CPU
	EndGlobalSection
	GlobalSection(SolutionProperties) = preSolution
		HideSolutionNode = FALSE
	EndGlobalSection
	GlobalSection(ProjectConfigurationPlatforms) = postSolution
		{A697B110-B586-4FA7-834D-5FB0A84187E4}.Debug|Any CPU.ActiveCfg = Debug|Any CPU
		{A697B110-B586-4FA7-834D-5FB0A84187E4}.Debug|Any CPU.Build.0 = Debug|Any CPU
		{A697B110-B586-4FA7-834D-5FB0A84187E4}.Release|Any CPU.ActiveCfg = Release|Any CPU
		{A697B110-B586-4FA7-834D-5FB0A84187E4}.Release|Any CPU.Build.0 = Release|Any CPU
	EndGlobalSection
EndGlobal
